
Microsoft Visual Studio Solution File, Format Version 12.00
# Visual Studio 15
VisualStudioVersion = 15.0.28010.2050
MinimumVisualStudioVersion = 10.0.40219.1
Project("{FAE04EC0-301F-11D3-BF4B-00C04F79EFBC}") = "AzureServiceBus.ReceiveQueue", "AzureServiceBus.ReceiveQueue\AzureServiceBus.ReceiveQueue.csproj", "{5E2E06D0-12E7-4057-814E-40287279FF26}"
EndProject
Project("{FAE04EC0-301F-11D3-BF4B-00C04F79EFBC}") = "AzureServiceBus.SendQueue", "AzureServiceBus.SendQueue\AzureServiceBus.SendQueue.csproj", "{26E7F323-9029-418C-9798-63A0D2516CA3}"
EndProject
Project("{FAE04EC0-301F-11D3-BF4B-00C04F79EFBC}") = "AzureServiceBus.WebJob.ReceiveQueue", "AzureServiceBus.WebJob.ReceiveQueue\AzureServiceBus.WebJob.ReceiveQueue.csproj", "{1B6C770A-D998-44EA-B619-D2A2D41B34A5}"
EndProject
Global
	GlobalSection(SolutionConfigurationPlatforms) = preSolution
		Debug|Any CPU = Debug|Any CPU
		Release|Any CPU = Release|Any CPU
	EndGlobalSection
	GlobalSection(ProjectConfigurationPlatforms) = postSolution
		{5E2E06D0-12E7-4057-814E-40287279FF26}.Debug|Any CPU.ActiveCfg = Debug|Any CPU
		{5E2E06D0-12E7-4057-814E-40287279FF26}.Debug|Any CPU.Build.0 = Debug|Any CPU
		{5E2E06D0-12E7-4057-814E-40287279FF26}.Release|Any CPU.ActiveCfg = Release|Any CPU
		{5E2E06D0-12E7-4057-814E-40287279FF26}.Release|Any CPU.Build.0 = Release|Any CPU
		{26E7F323-9029-418C-9798-63A0D2516CA3}.Debug|Any CPU.ActiveCfg = Debug|Any CPU
		{26E7F323-9029-418C-9798-63A0D2516CA3}.Debug|Any CPU.Build.0 = Debug|Any CPU
		{26E7F323-9029-418C-9798-63A0D2516CA3}.Release|Any CPU.ActiveCfg = Release|Any CPU
		{26E7F323-9029-418C-9798-63A0D2516CA3}.Release|Any CPU.Build.0 = Release|Any CPU
		{1B6C770A-D998-44EA-B619-D2A2D41B34A5}.Debug|Any CPU.ActiveCfg = Debug|Any CPU
		{1B6C770A-D998-44EA-B619-D2A2D41B34A5}.Debug|Any CPU.Build.0 = Debug|Any CPU
		{1B6C770A-D998-44EA-B619-D2A2D41B34A5}.Release|Any CPU.ActiveCfg = Release|Any CPU
		{1B6C770A-D998-44EA-B619-D2A2D41B34A5}.Release|Any CPU.Build.0 = Release|Any CPU
	EndGlobalSection
	GlobalSection(SolutionProperties) = preSolution
		HideSolutionNode = FALSE
	EndGlobalSection
	GlobalSection(ExtensibilityGlobals) = postSolution
		SolutionGuid = {015F71D2-7706-48C8-B963-CD718115C933}
	EndGlobalSection
EndGlobal
